// !$*UTF8*$!
{
	archiveVersion = 1;
	classes = {
	};
	objectVersion = 56;
	objects = {

/* Begin PBXBuildFile section */
		631BFE8B28DF3222001F8E5C /* CBD.cpp in Sources */ = {isa = PBXBuildFile; fileRef = 631BFE8928DF3222001F8E5C /* CBD.cpp */; };
		631BFE8E28DF36F8001F8E5C /* kdtree.cpp in Sources */ = {isa = PBXBuildFile; fileRef = 631BFE8C28DF36F8001F8E5C /* kdtree.cpp */; };
		631BFE9328DF6BB3001F8E5C /* AbstractSVM.cpp in Sources */ = {isa = PBXBuildFile; fileRef = 631BFE9128DF6BB3001F8E5C /* AbstractSVM.cpp */; };
		638E68CC28D5F56A00A2B649 /* main.cpp in Sources */ = {isa = PBXBuildFile; fileRef = 638E68CB28D5F56A00A2B649 /* main.cpp */; };
		638E68D428D5F78C00A2B649 /* svm.cpp in Sources */ = {isa = PBXBuildFile; fileRef = 638E68D228D5F78C00A2B649 /* svm.cpp */; };
		638E68D728D607F400A2B649 /* DatasetReader.cpp in Sources */ = {isa = PBXBuildFile; fileRef = 638E68D528D607F400A2B649 /* DatasetReader.cpp */; };
		638E68DA28D735F300A2B649 /* SVMParameters.cpp in Sources */ = {isa = PBXBuildFile; fileRef = 638E68D828D735F300A2B649 /* SVMParameters.cpp */; };
		638E68DD28D73E5C00A2B649 /* Util.cpp in Sources */ = {isa = PBXBuildFile; fileRef = 638E68DB28D73E5C00A2B649 /* Util.cpp */; };
		63FE996028D8EFF400956AB0 /* SVMBatch.cpp in Sources */ = {isa = PBXBuildFile; fileRef = 63FE995E28D8EFF400956AB0 /* SVMBatch.cpp */; };
/* End PBXBuildFile section */

/* Begin PBXCopyFilesBuildPhase section */
		638E68C628D5F56A00A2B649 /* CopyFiles */ = {
			isa = PBXCopyFilesBuildPhase;
			buildActionMask = 2147483647;
			dstPath = /usr/share/man/man1/;
			dstSubfolderSpec = 0;
			files = (
			);
			runOnlyForDeploymentPostprocessing = 1;
		};
/* End PBXCopyFilesBuildPhase section */

/* Begin PBXFileReference section */
		631BFE8928DF3222001F8E5C /* CBD.cpp */ = {isa = PBXFileReference; lastKnownFileType = sourcecode.cpp.cpp; path = CBD.cpp; sourceTree = "<group>"; };
		631BFE8A28DF3222001F8E5C /* CBD.hpp */ = {isa = PBXFileReference; lastKnownFileType = sourcecode.cpp.h; path = CBD.hpp; sourceTree = "<group>"; };
		631BFE8C28DF36F8001F8E5C /* kdtree.cpp */ = {isa = PBXFileReference; lastKnownFileType = sourcecode.cpp.cpp; path = kdtree.cpp; sourceTree = "<group>"; };
		631BFE8D28DF36F8001F8E5C /* kdtree.hpp */ = {isa = PBXFileReference; lastKnownFileType = sourcecode.cpp.h; path = kdtree.hpp; sourceTree = "<group>"; };
		631BFE9128DF6BB3001F8E5C /* AbstractSVM.cpp */ = {isa = PBXFileReference; lastKnownFileType = sourcecode.cpp.cpp; path = AbstractSVM.cpp; sourceTree = "<group>"; };
		631BFE9228DF6BB3001F8E5C /* AbstractSVM.hpp */ = {isa = PBXFileReference; lastKnownFileType = sourcecode.cpp.h; path = AbstractSVM.hpp; sourceTree = "<group>"; };
		638E68C828D5F56A00A2B649 /* SVM */ = {isa = PBXFileReference; explicitFileType = "compiled.mach-o.executable"; includeInIndex = 0; path = SVM; sourceTree = BUILT_PRODUCTS_DIR; };
		638E68CB28D5F56A00A2B649 /* main.cpp */ = {isa = PBXFileReference; lastKnownFileType = sourcecode.cpp.cpp; path = main.cpp; sourceTree = "<group>"; };
		638E68D228D5F78C00A2B649 /* svm.cpp */ = {isa = PBXFileReference; lastKnownFileType = sourcecode.cpp.cpp; path = svm.cpp; sourceTree = "<group>"; };
		638E68D328D5F78C00A2B649 /* svm.hpp */ = {isa = PBXFileReference; lastKnownFileType = sourcecode.cpp.h; path = svm.hpp; sourceTree = "<group>"; };
		638E68D528D607F400A2B649 /* DatasetReader.cpp */ = {isa = PBXFileReference; lastKnownFileType = sourcecode.cpp.cpp; path = DatasetReader.cpp; sourceTree = "<group>"; };
		638E68D628D607F400A2B649 /* DatasetReader.hpp */ = {isa = PBXFileReference; lastKnownFileType = sourcecode.cpp.h; path = DatasetReader.hpp; sourceTree = "<group>"; };
		638E68D828D735F300A2B649 /* SVMParameters.cpp */ = {isa = PBXFileReference; lastKnownFileType = sourcecode.cpp.cpp; path = SVMParameters.cpp; sourceTree = "<group>"; };
		638E68D928D735F300A2B649 /* SVMParameters.hpp */ = {isa = PBXFileReference; lastKnownFileType = sourcecode.cpp.h; path = SVMParameters.hpp; sourceTree = "<group>"; };
		638E68DB28D73E5C00A2B649 /* Util.cpp */ = {isa = PBXFileReference; lastKnownFileType = sourcecode.cpp.cpp; path = Util.cpp; sourceTree = "<group>"; };
		638E68DC28D73E5C00A2B649 /* Util.hpp */ = {isa = PBXFileReference; lastKnownFileType = sourcecode.cpp.h; path = Util.hpp; sourceTree = "<group>"; };
		63FE995E28D8EFF400956AB0 /* SVMBatch.cpp */ = {isa = PBXFileReference; lastKnownFileType = sourcecode.cpp.cpp; path = SVMBatch.cpp; sourceTree = "<group>"; };
		63FE995F28D8EFF400956AB0 /* SVMBatch.hpp */ = {isa = PBXFileReference; lastKnownFileType = sourcecode.cpp.h; path = SVMBatch.hpp; sourceTree = "<group>"; };
/* End PBXFileReference section */

/* Begin PBXFrameworksBuildPhase section */
		638E68C528D5F56A00A2B649 /* Frameworks */ = {
			isa = PBXFrameworksBuildPhase;
			buildActionMask = 2147483647;
			files = (
			);
			runOnlyForDeploymentPostprocessing = 0;
		};
/* End PBXFrameworksBuildPhase section */

/* Begin PBXGroup section */
		638E68BF28D5F56A00A2B649 = {
			isa = PBXGroup;
			children = (
				638E68CA28D5F56A00A2B649 /* src */,
				638E68C928D5F56A00A2B649 /* Products */,
			);
			sourceTree = "<group>";
		};
		638E68C928D5F56A00A2B649 /* Products */ = {
			isa = PBXGroup;
			children = (
				638E68C828D5F56A00A2B649 /* SVM */,
			);
			name = Products;
			sourceTree = "<group>";
		};
		638E68CA28D5F56A00A2B649 /* src */ = {
			isa = PBXGroup;
			children = (
				638E68CB28D5F56A00A2B649 /* main.cpp */,
				638E68D228D5F78C00A2B649 /* svm.cpp */,
				638E68D328D5F78C00A2B649 /* svm.hpp */,
				638E68D528D607F400A2B649 /* DatasetReader.cpp */,
				638E68D628D607F400A2B649 /* DatasetReader.hpp */,
				638E68D828D735F300A2B649 /* SVMParameters.cpp */,
				638E68D928D735F300A2B649 /* SVMParameters.hpp */,
				638E68DB28D73E5C00A2B649 /* Util.cpp */,
				638E68DC28D73E5C00A2B649 /* Util.hpp */,
				63FE995E28D8EFF400956AB0 /* SVMBatch.cpp */,
				63FE995F28D8EFF400956AB0 /* SVMBatch.hpp */,
				631BFE8928DF3222001F8E5C /* CBD.cpp */,
				631BFE8A28DF3222001F8E5C /* CBD.hpp */,
				631BFE8C28DF36F8001F8E5C /* kdtree.cpp */,
				631BFE8D28DF36F8001F8E5C /* kdtree.hpp */,
				631BFE9128DF6BB3001F8E5C /* AbstractSVM.cpp */,
				631BFE9228DF6BB3001F8E5C /* AbstractSVM.hpp */,
			);
			path = src;
			sourceTree = "<group>";
		};
/* End PBXGroup section */

/* Begin PBXNativeTarget section */
		638E68C728D5F56A00A2B649 /* SVM */ = {
			isa = PBXNativeTarget;
			buildConfigurationList = 638E68CF28D5F56A00A2B649 /* Build configuration list for PBXNativeTarget "SVM" */;
			buildPhases = (
				638E68C428D5F56A00A2B649 /* Sources */,
				638E68C528D5F56A00A2B649 /* Frameworks */,
				638E68C628D5F56A00A2B649 /* CopyFiles */,
			);
			buildRules = (
			);
			dependencies = (
			);
			name = SVM;
			productName = SVM;
			productReference = 638E68C828D5F56A00A2B649 /* SVM */;
			productType = "com.apple.product-type.tool";
		};
/* End PBXNativeTarget section */

/* Begin PBXProject section */
		638E68C028D5F56A00A2B649 /* Project object */ = {
			isa = PBXProject;
			attributes = {
				BuildIndependentTargetsInParallel = 1;
				LastUpgradeCheck = 1400;
				TargetAttributes = {
					638E68C728D5F56A00A2B649 = {
						CreatedOnToolsVersion = 14.0;
					};
				};
			};
			buildConfigurationList = 638E68C328D5F56A00A2B649 /* Build configuration list for PBXProject "SVM" */;
			compatibilityVersion = "Xcode 14.0";
			developmentRegion = en;
			hasScannedForEncodings = 0;
			knownRegions = (
				en,
				Base,
			);
			mainGroup = 638E68BF28D5F56A00A2B649;
			productRefGroup = 638E68C928D5F56A00A2B649 /* Products */;
			projectDirPath = "";
			projectRoot = "";
			targets = (
				638E68C728D5F56A00A2B649 /* SVM */,
			);
		};
/* End PBXProject section */

/* Begin PBXSourcesBuildPhase section */
		638E68C428D5F56A00A2B649 /* Sources */ = {
			isa = PBXSourcesBuildPhase;
			buildActionMask = 2147483647;
			files = (
				638E68DA28D735F300A2B649 /* SVMParameters.cpp in Sources */,
				638E68D428D5F78C00A2B649 /* svm.cpp in Sources */,
				631BFE8E28DF36F8001F8E5C /* kdtree.cpp in Sources */,
				638E68D728D607F400A2B649 /* DatasetReader.cpp in Sources */,
				638E68CC28D5F56A00A2B649 /* main.cpp in Sources */,
				631BFE9328DF6BB3001F8E5C /* AbstractSVM.cpp in Sources */,
				638E68DD28D73E5C00A2B649 /* Util.cpp in Sources */,
				63FE996028D8EFF400956AB0 /* SVMBatch.cpp in Sources */,
				631BFE8B28DF3222001F8E5C /* CBD.cpp in Sources */,
			);
			runOnlyForDeploymentPostprocessing = 0;
		};
/* End PBXSourcesBuildPhase section */

/* Begin XCBuildConfiguration section */
		638E68CD28D5F56A00A2B649 /* Debug */ = {
			isa = XCBuildConfiguration;
			buildSettings = {
				ALWAYS_SEARCH_USER_PATHS = NO;
				CLANG_ANALYZER_NONNULL = YES;
				CLANG_ANALYZER_NUMBER_OBJECT_CONVERSION = YES_AGGRESSIVE;
				CLANG_CXX_LANGUAGE_STANDARD = "gnu++20";
				CLANG_ENABLE_MODULES = YES;
				CLANG_ENABLE_OBJC_ARC = YES;
				CLANG_ENABLE_OBJC_WEAK = YES;
				CLANG_WARN_BLOCK_CAPTURE_AUTORELEASING = YES;
				CLANG_WARN_BOOL_CONVERSION = YES;
				CLANG_WARN_COMMA = YES;
				CLANG_WARN_CONSTANT_CONVERSION = YES;
				CLANG_WARN_DEPRECATED_OBJC_IMPLEMENTATIONS = YES;
				CLANG_WARN_DIRECT_OBJC_ISA_USAGE = YES_ERROR;
				CLANG_WARN_DOCUMENTATION_COMMENTS = YES;
				CLANG_WARN_EMPTY_BODY = YES;
				CLANG_WARN_ENUM_CONVERSION = YES;
				CLANG_WARN_INFINITE_RECURSION = YES;
				CLANG_WARN_INT_CONVERSION = YES;
				CLANG_WARN_NON_LITERAL_NULL_CONVERSION = YES;
				CLANG_WARN_OBJC_IMPLICIT_RETAIN_SELF = YES;
				CLANG_WARN_OBJC_LITERAL_CONVERSION = YES;
				CLANG_WARN_OBJC_ROOT_CLASS = YES_ERROR;
				CLANG_WARN_QUOTED_INCLUDE_IN_FRAMEWORK_HEADER = YES;
				CLANG_WARN_RANGE_LOOP_ANALYSIS = YES;
				CLANG_WARN_STRICT_PROTOTYPES = YES;
				CLANG_WARN_SUSPICIOUS_MOVE = YES;
				CLANG_WARN_UNGUARDED_AVAILABILITY = YES_AGGRESSIVE;
				CLANG_WARN_UNREACHABLE_CODE = YES;
				CLANG_WARN__DUPLICATE_METHOD_MATCH = YES;
				COPY_PHASE_STRIP = NO;
				DEBUG_INFORMATION_FORMAT = dwarf;
				ENABLE_STRICT_OBJC_MSGSEND = YES;
				ENABLE_TESTABILITY = YES;
				GCC_C_LANGUAGE_STANDARD = gnu11;
				GCC_DYNAMIC_NO_PIC = NO;
				GCC_NO_COMMON_BLOCKS = YES;
				GCC_OPTIMIZATION_LEVEL = 0;
				GCC_PREPROCESSOR_DEFINITIONS = (
					"DEBUG=1",
					"$(inherited)",
				);
				GCC_WARN_64_TO_32_BIT_CONVERSION = YES;
				GCC_WARN_ABOUT_RETURN_TYPE = YES_ERROR;
				GCC_WARN_UNDECLARED_SELECTOR = YES;
				GCC_WARN_UNINITIALIZED_AUTOS = YES_AGGRESSIVE;
				GCC_WARN_UNUSED_FUNCTION = YES;
				GCC_WARN_UNUSED_VARIABLE = YES;
				MACOSX_DEPLOYMENT_TARGET = 12.3;
				MTL_ENABLE_DEBUG_INFO = INCLUDE_SOURCE;
				MTL_FAST_MATH = YES;
				ONLY_ACTIVE_ARCH = YES;
				SDKROOT = macosx;
			};
			name = Debug;
		};
		638E68CE28D5F56A00A2B649 /* Release */ = {
			isa = XCBuildConfiguration;
			buildSettings = {
				ALWAYS_SEARCH_USER_PATHS = NO;
				CLANG_ANALYZER_NONNULL = YES;
				CLANG_ANALYZER_NUMBER_OBJECT_CONVERSION = YES_AGGRESSIVE;
				CLANG_CXX_LANGUAGE_STANDARD = "gnu++20";
				CLANG_ENABLE_MODULES = YES;
				CLANG_ENABLE_OBJC_ARC = YES;
				CLANG_ENABLE_OBJC_WEAK = YES;
				CLANG_WARN_BLOCK_CAPTURE_AUTORELEASING = YES;
				CLANG_WARN_BOOL_CONVERSION = YES;
				CLANG_WARN_COMMA = YES;
				CLANG_WARN_CONSTANT_CONVERSION = YES;
				CLANG_WARN_DEPRECATED_OBJC_IMPLEMENTATIONS = YES;
				CLANG_WARN_DIRECT_OBJC_ISA_USAGE = YES_ERROR;
				CLANG_WARN_DOCUMENTATION_COMMENTS = YES;
				CLANG_WARN_EMPTY_BODY = YES;
				CLANG_WARN_ENUM_CONVERSION = YES;
				CLANG_WARN_INFINITE_RECURSION = YES;
				CLANG_WARN_INT_CONVERSION = YES;
				CLANG_WARN_NON_LITERAL_NULL_CONVERSION = YES;
				CLANG_WARN_OBJC_IMPLICIT_RETAIN_SELF = YES;
				CLANG_WARN_OBJC_LITERAL_CONVERSION = YES;
				CLANG_WARN_OBJC_ROOT_CLASS = YES_ERROR;
				CLANG_WARN_QUOTED_INCLUDE_IN_FRAMEWORK_HEADER = YES;
				CLANG_WARN_RANGE_LOOP_ANALYSIS = YES;
				CLANG_WARN_STRICT_PROTOTYPES = YES;
				CLANG_WARN_SUSPICIOUS_MOVE = YES;
				CLANG_WARN_UNGUARDED_AVAILABILITY = YES_AGGRESSIVE;
				CLANG_WARN_UNREACHABLE_CODE = YES;
				CLANG_WARN__DUPLICATE_METHOD_MATCH = YES;
				COPY_PHASE_STRIP = NO;
				DEBUG_INFORMATION_FORMAT = "dwarf-with-dsym";
				ENABLE_NS_ASSERTIONS = NO;
				ENABLE_STRICT_OBJC_MSGSEND = YES;
				GCC_C_LANGUAGE_STANDARD = gnu11;
				GCC_NO_COMMON_BLOCKS = YES;
				GCC_WARN_64_TO_32_BIT_CONVERSION = YES;
				GCC_WARN_ABOUT_RETURN_TYPE = YES_ERROR;
				GCC_WARN_UNDECLARED_SELECTOR = YES;
				GCC_WARN_UNINITIALIZED_AUTOS = YES_AGGRESSIVE;
				GCC_WARN_UNUSED_FUNCTION = YES;
				GCC_WARN_UNUSED_VARIABLE = YES;
				MACOSX_DEPLOYMENT_TARGET = 12.3;
				MTL_ENABLE_DEBUG_INFO = NO;
				MTL_FAST_MATH = YES;
				SDKROOT = macosx;
			};
			name = Release;
		};
		638E68D028D5F56A00A2B649 /* Debug */ = {
			isa = XCBuildConfiguration;
			buildSettings = {
				CODE_SIGN_STYLE = Automatic;
				PRODUCT_NAME = "$(TARGET_NAME)";
			};
			name = Debug;
		};
		638E68D128D5F56A00A2B649 /* Release */ = {
			isa = XCBuildConfiguration;
			buildSettings = {
				CODE_SIGN_STYLE = Automatic;
				PRODUCT_NAME = "$(TARGET_NAME)";
			};
			name = Release;
		};
/* End XCBuildConfiguration section */

/* Begin XCConfigurationList section */
		638E68C328D5F56A00A2B649 /* Build configuration list for PBXProject "SVM" */ = {
			isa = XCConfigurationList;
			buildConfigurations = (
				638E68CD28D5F56A00A2B649 /* Debug */,
				638E68CE28D5F56A00A2B649 /* Release */,
			);
			defaultConfigurationIsVisible = 0;
			defaultConfigurationName = Release;
		};
		638E68CF28D5F56A00A2B649 /* Build configuration list for PBXNativeTarget "SVM" */ = {
			isa = XCConfigurationList;
			buildConfigurations = (
				638E68D028D5F56A00A2B649 /* Debug */,
				638E68D128D5F56A00A2B649 /* Release */,
			);
			defaultConfigurationIsVisible = 0;
			defaultConfigurationName = Release;
		};
/* End XCConfigurationList section */
	};
	rootObject = 638E68C028D5F56A00A2B649 /* Project object */;
}
